
Microsoft Visual Studio Solution File, Format Version 12.00
# Visual Studio Version 17
VisualStudioVersion = 17.2.32602.215
MinimumVisualStudioVersion = 10.0.40219.1
Project("{FAE04EC0-301F-11D3-BF4B-00C04F79EFBC}") = "DatabaseSchemeParser", "DatabaseSchemeParser\DatabaseSchemeParser.csproj", "{D0836625-FD9E-416A-89C4-658E3255B44B}"
EndProject
Project("{FAE04EC0-301F-11D3-BF4B-00C04F79EFBC}") = "DatabaseSchemeParser.Tests.Integration", "DatabaseSchemeParser.Tests.Integration\DatabaseSchemeParser.Tests.Integration.csproj", "{4A02280C-B12A-4A6A-95D2-AAAE38B97CE4}"
EndProject
Project("{FAE04EC0-301F-11D3-BF4B-00C04F79EFBC}") = "DatabaseSchemeParser.Tests", "DatabaseSchemeParser.Tests\DatabaseSchemeParser.Tests.csproj", "{48D06088-C4ED-441F-90A3-342838CFBE8F}"
EndProject
Global
	GlobalSection(SolutionConfigurationPlatforms) = preSolution
		Debug|Any CPU = Debug|Any CPU
		Release|Any CPU = Release|Any CPU
	EndGlobalSection
	GlobalSection(ProjectConfigurationPlatforms) = postSolution
		{D0836625-FD9E-416A-89C4-658E3255B44B}.Debug|Any CPU.ActiveCfg = Debug|Any CPU
		{D0836625-FD9E-416A-89C4-658E3255B44B}.Debug|Any CPU.Build.0 = Debug|Any CPU
		{D0836625-FD9E-416A-89C4-658E3255B44B}.Release|Any CPU.ActiveCfg = Release|Any CPU
		{D0836625-FD9E-416A-89C4-658E3255B44B}.Release|Any CPU.Build.0 = Release|Any CPU
		{4A02280C-B12A-4A6A-95D2-AAAE38B97CE4}.Debug|Any CPU.ActiveCfg = Debug|Any CPU
		{4A02280C-B12A-4A6A-95D2-AAAE38B97CE4}.Debug|Any CPU.Build.0 = Debug|Any CPU
		{4A02280C-B12A-4A6A-95D2-AAAE38B97CE4}.Release|Any CPU.ActiveCfg = Release|Any CPU
		{4A02280C-B12A-4A6A-95D2-AAAE38B97CE4}.Release|Any CPU.Build.0 = Release|Any CPU
		{48D06088-C4ED-441F-90A3-342838CFBE8F}.Debug|Any CPU.ActiveCfg = Debug|Any CPU
		{48D06088-C4ED-441F-90A3-342838CFBE8F}.Debug|Any CPU.Build.0 = Debug|Any CPU
		{48D06088-C4ED-441F-90A3-342838CFBE8F}.Release|Any CPU.ActiveCfg = Release|Any CPU
		{48D06088-C4ED-441F-90A3-342838CFBE8F}.Release|Any CPU.Build.0 = Release|Any CPU
	EndGlobalSection
	GlobalSection(SolutionProperties) = preSolution
		HideSolutionNode = FALSE
	EndGlobalSection
	GlobalSection(ExtensibilityGlobals) = postSolution
		SolutionGuid = {B5189C5D-DD3B-4007-AF26-E67C3DCF2719}
	EndGlobalSection
EndGlobal
